
Microsoft Visual Studio Solution File, Format Version 12.00
# Visual Studio Version 16
VisualStudioVersion = 16.0.30011.22
MinimumVisualStudioVersion = 10.0.40219.1
Project("{2150E333-8FDC-42A3-9474-1A3956D46DE8}") = "ThreadBased", "ThreadBased", "{2CB911B5-FE96-492F-AFE1-9D701E26CEBC}"
EndProject
Project("{FAE04EC0-301F-11D3-BF4B-00C04F79EFBC}") = "01ThreadCreate", "ThreadBased\01ThreadCreate\01ThreadCreate.csproj", "{35ABB7D7-D838-467A-8F65-3C10A4448FCE}"
EndProject
Project("{FAE04EC0-301F-11D3-BF4B-00C04F79EFBC}") = "02ThreadSleep", "ThreadBased\02ThreadSleep\02ThreadSleep.csproj", "{93A9EF1A-7B80-4BCE-B62F-B9AB573D4874}"
EndProject
Project("{FAE04EC0-301F-11D3-BF4B-00C04F79EFBC}") = "03ThreadJoin", "ThreadBased\03ThreadJoin\03ThreadJoin.csproj", "{FFFAD032-0DEF-4C9A-A64E-46081F22CBC6}"
EndProject
Project("{FAE04EC0-301F-11D3-BF4B-00C04F79EFBC}") = "04ThreadAbort", "ThreadBased\04ThreadAbort\04ThreadAbort.csproj", "{140C5276-26CE-4F8C-BA1D-D29B8B2BD223}"
EndProject
Project("{FAE04EC0-301F-11D3-BF4B-00C04F79EFBC}") = "05ThreadState", "ThreadBased\05ThreadState\05ThreadState.csproj", "{468341AB-D653-4B38-8F16-9B3A27AB95C8}"
EndProject
Project("{FAE04EC0-301F-11D3-BF4B-00C04F79EFBC}") = "06ThreadPriority", "ThreadBased\06ThreadPriority\06ThreadPriority.csproj", "{0AFB9C1D-94AE-4D34-9E79-5DC7F8D440B0}"
EndProject
Project("{FAE04EC0-301F-11D3-BF4B-00C04F79EFBC}") = "07ThreadBackground", "ThreadBased\07ThreadBackground\07ThreadBackground.csproj", "{6F3DC6BC-9048-4DA1-B544-8CF4A28A1287}"
EndProject
Project("{FAE04EC0-301F-11D3-BF4B-00C04F79EFBC}") = "08ThreadParam", "ThreadBased\08ThreadParam\08ThreadParam.csproj", "{5090D9FE-5FDC-43CF-9589-ACFAF61CB0EC}"
EndProject
Project("{FAE04EC0-301F-11D3-BF4B-00C04F79EFBC}") = "09ThreadLock", "ThreadBased\09ThreadLock\09ThreadLock.csproj", "{6D7A2123-F06B-4B93-A30C-14FC42FE484F}"
EndProject
Project("{FAE04EC0-301F-11D3-BF4B-00C04F79EFBC}") = "10ThreadMonitor", "ThreadBased\10ThreadMonitor\10ThreadMonitor.csproj", "{0CD7BEAA-7B5B-4FED-8C7F-A5F5F4BF6235}"
EndProject
Project("{FAE04EC0-301F-11D3-BF4B-00C04F79EFBC}") = "11ThreadException", "ThreadBased\11ThreadException\11ThreadException.csproj", "{8F571A1A-4A8F-4092-B211-67A3FE80F3FA}"
EndProject
Project("{2150E333-8FDC-42A3-9474-1A3956D46DE8}") = "ThreadSync", "ThreadSync", "{0D1F539F-DAA2-4FE9-ABDA-E607CFBCEF8A}"
EndProject
Project("{FAE04EC0-301F-11D3-BF4B-00C04F79EFBC}") = "01UseInterlocked", "ThreadSync\01UseInterlocked\01UseInterlocked.csproj", "{F122C2CB-911B-4724-A175-4E5616FBED84}"
EndProject
Project("{FAE04EC0-301F-11D3-BF4B-00C04F79EFBC}") = "02UseMutex", "ThreadSync\02UseMutex\02UseMutex.csproj", "{B7CFCA35-B2F7-48E2-910E-731F6B86E821}"
EndProject
Project("{FAE04EC0-301F-11D3-BF4B-00C04F79EFBC}") = "03UseSemaphoreSlim", "ThreadSync\03UseSemaphoreSlim\03UseSemaphoreSlim.csproj", "{69566674-E8BB-45A7-B57F-2F49B2223A8F}"
EndProject
Project("{FAE04EC0-301F-11D3-BF4B-00C04F79EFBC}") = "04UseAutoResetEvent", "ThreadSync\04UseAutoResetEvent\04UseAutoResetEvent.csproj", "{DE5C539C-4AF8-4B11-8645-2F325053C90D}"
EndProject
Project("{FAE04EC0-301F-11D3-BF4B-00C04F79EFBC}") = "05UseManualResetEventSlim", "ThreadSync\05UseManualResetEventSlim\05UseManualResetEventSlim.csproj", "{4D77EECF-600E-4E34-897F-4D4965361A51}"
EndProject
Project("{FAE04EC0-301F-11D3-BF4B-00C04F79EFBC}") = "06UseCountdownEvent", "ThreadSync\06UseCountdownEvent\06UseCountdownEvent.csproj", "{C42D5C58-2F0B-4EAF-9233-480864E9E7BE}"
EndProject
Project("{FAE04EC0-301F-11D3-BF4B-00C04F79EFBC}") = "07UseBarrier", "ThreadSync\07UseBarrier\07UseBarrier.csproj", "{82ED2F0D-0553-4CEF-8F8D-A8E9B538C5BD}"
EndProject
Project("{FAE04EC0-301F-11D3-BF4B-00C04F79EFBC}") = "08UseReaderWriterLockSlim", "ThreadSync\08UseReaderWriterLockSlim\08UseReaderWriterLockSlim.csproj", "{F7012266-8CFF-49E8-A4B0-21920FDB3969}"
EndProject
Project("{FAE04EC0-301F-11D3-BF4B-00C04F79EFBC}") = "09UseSpinWait", "ThreadSync\09UseSpinWait\09UseSpinWait.csproj", "{DC658A79-75CD-499D-8763-739FA5D2E4D5}"
EndProject
Project("{2150E333-8FDC-42A3-9474-1A3956D46DE8}") = "ThreadPooling", "ThreadPooling", "{5C968910-89D0-4128-8A55-121888375931}"
EndProject
Project("{FAE04EC0-301F-11D3-BF4B-00C04F79EFBC}") = "01CallDelegate", "ThreadPooling\01CallDelegate\01CallDelegate.csproj", "{57B11549-4347-4F36-BABB-16EDE5C0A2E2}"
EndProject
Project("{FAE04EC0-301F-11D3-BF4B-00C04F79EFBC}") = "02QueueUserWorkItem", "ThreadPooling\02QueueUserWorkItem\02QueueUserWorkItem.csproj", "{346A534A-917F-465A-8F78-190D002FC15A}"
EndProject
Project("{FAE04EC0-301F-11D3-BF4B-00C04F79EFBC}") = "03ThreadAndPoolParalle", "ThreadPooling\03ThreadAndPoolParalle\03ThreadAndPoolParalle.csproj", "{D40F578A-D8B9-4F8A-B760-C49EB3E08589}"
EndProject
Project("{FAE04EC0-301F-11D3-BF4B-00C04F79EFBC}") = "04CancellationTokenSource", "ThreadPooling\04CancellationTokenSource\04CancellationTokenSource.csproj", "{7DFFD7C4-E458-42A1-9932-F3E84252455E}"
EndProject
Project("{FAE04EC0-301F-11D3-BF4B-00C04F79EFBC}") = "05RegisterWaitForSingleObject", "ThreadPooling\05RegisterWaitForSingleObject\05RegisterWaitForSingleObject.csproj", "{AB60C9FE-2E33-4F9D-B8F2-CFEEF926C0FD}"
EndProject
Project("{FAE04EC0-301F-11D3-BF4B-00C04F79EFBC}") = "06Timer", "ThreadPooling\06Timer\06Timer.csproj", "{1AB8B839-12D3-43E1-B7C3-0F08FB0164E9}"
EndProject
Project("{FAE04EC0-301F-11D3-BF4B-00C04F79EFBC}") = "07BackgroundWorker", "ThreadPooling\07BackgroundWorker\07BackgroundWorker.csproj", "{6B30F853-13E0-44D4-A7C3-A78821A442C2}"
EndProject
Project("{2150E333-8FDC-42A3-9474-1A3956D46DE8}") = "TaskParallelLibrary", "TaskParallelLibrary", "{37E088D9-3E3A-4AC0-9695-1801EC9AD853}"
EndProject
Project("{FAE04EC0-301F-11D3-BF4B-00C04F79EFBC}") = "01CreateTasks", "TaskParallelLibrary\01CreateTasks\01CreateTasks.csproj", "{A87BC8FC-5C1D-48BD-B446-3B04DE0F3F74}"
EndProject
Project("{FAE04EC0-301F-11D3-BF4B-00C04F79EFBC}") = "02UsingTasksBasicOperations", "TaskParallelLibrary\02UsingTasksBasicOperations\02UsingTasksBasicOperations.csproj", "{ABEE37A2-9E7F-493A-8445-9B3CD5E78213}"
EndProject
Project("{FAE04EC0-301F-11D3-BF4B-00C04F79EFBC}") = "03CombinationTask", "TaskParallelLibrary\03CombinationTask\03CombinationTask.csproj", "{6DC6A14C-2DA3-4890-9009-BBDE86033E8B}"
EndProject
Project("{FAE04EC0-301F-11D3-BF4B-00C04F79EFBC}") = "04APMConversionTask", "TaskParallelLibrary\04APMConversionTask\04APMConversionTask.csproj", "{E234B05F-3405-49F6-AE14-6429ECD1E284}"
EndProject
Project("{FAE04EC0-301F-11D3-BF4B-00C04F79EFBC}") = "05EAPConversionTask", "TaskParallelLibrary\05EAPConversionTask\05EAPConversionTask.csproj", "{CD382785-6850-4E2B-B122-A6B3214D350C}"
EndProject
Project("{FAE04EC0-301F-11D3-BF4B-00C04F79EFBC}") = "06CancellationTokenSource", "TaskParallelLibrary\06CancellationTokenSource\06CancellationTokenSource.csproj", "{A15A4784-FC50-4FA3-A33C-84F26FA41661}"
EndProject
Project("{FAE04EC0-301F-11D3-BF4B-00C04F79EFBC}") = "07TaskException", "TaskParallelLibrary\07TaskException\07TaskException.csproj", "{146F4054-78DB-479A-9349-5AD9E52E91D9}"
EndProject
Project("{FAE04EC0-301F-11D3-BF4B-00C04F79EFBC}") = "08TaskWhenAll", "TaskParallelLibrary\08TaskWhenAll\08TaskWhenAll.csproj", "{06731002-B6D5-4363-B1D1-E57887F6D9AE}"
EndProject
Project("{FAE04EC0-301F-11D3-BF4B-00C04F79EFBC}") = "09TaskScheduler", "TaskParallelLibrary\09TaskScheduler\09TaskScheduler.csproj", "{922F74AB-B505-497E-AF55-19C38BE259B6}"
EndProject
Project("{2150E333-8FDC-42A3-9474-1A3956D46DE8}") = "AsyncAwait", "AsyncAwait", "{E36F7CD0-0655-40D2-BED5-774FEBAC295E}"
EndProject
Project("{FAE04EC0-301F-11D3-BF4B-00C04F79EFBC}") = "01AwaitGetAsyncResult", "AsyncAwait\01AwaitGetAsyncResult\01AwaitGetAsyncResult.csproj", "{2B40CDC8-5AC4-4621-866B-E09F0BDD8C5C}"
EndProject
Project("{FAE04EC0-301F-11D3-BF4B-00C04F79EFBC}") = "02AsyncAwaitLambda", "AsyncAwait\02AsyncAwaitLambda\02AsyncAwaitLambda.csproj", "{0531B73E-1ED0-4CF5-9166-AEC08C8638A5}"
EndProject
Project("{FAE04EC0-301F-11D3-BF4B-00C04F79EFBC}") = "03MultiTaskAwait", "AsyncAwait\03MultiTaskAwait\03MultiTaskAwait.csproj", "{30D5B9F7-7E70-4936-B8EC-AEDF35EF2563}"
EndProject
Project("{FAE04EC0-301F-11D3-BF4B-00C04F79EFBC}") = "05AsyncExceptions", "AsyncAwait\05AsyncExceptions\05AsyncExceptions.csproj", "{8DEE15A6-B411-4DB3-B3A8-4B783B350583}"
EndProject
Project("{FAE04EC0-301F-11D3-BF4B-00C04F79EFBC}") = "06ContinueOnCapturedContext", "AsyncAwait\06ContinueOnCapturedContext\06ContinueOnCapturedContext.csproj", "{7E2FB943-8346-48BF-890F-531636B51746}"
EndProject
Project("{FAE04EC0-301F-11D3-BF4B-00C04F79EFBC}") = "07AsyncVoid", "AsyncAwait\07AsyncVoid\07AsyncVoid.csproj", "{E0E3868A-7A0C-4D3B-8BD6-059D8E967918}"
EndProject
Project("{FAE04EC0-301F-11D3-BF4B-00C04F79EFBC}") = "04WhenAllAwait", "AsyncAwait\04WhenAllAwait\04WhenAllAwait.csproj", "{93612BB8-A384-4FE3-BBDC-A115CFD70D82}"
EndProject
Project("{FAE04EC0-301F-11D3-BF4B-00C04F79EFBC}") = "08CustomAwaitable", "AsyncAwait\08CustomAwaitable\08CustomAwaitable.csproj", "{A0919F66-A3F5-4140-896B-AFD6EC0B1027}"
EndProject
Project("{FAE04EC0-301F-11D3-BF4B-00C04F79EFBC}") = "09DynamicAwait", "AsyncAwait\09DynamicAwait\09DynamicAwait.csproj", "{4A60DF3F-AD87-4F7C-ACD3-9DF381ADFD6D}"
EndProject
Project("{2150E333-8FDC-42A3-9474-1A3956D46DE8}") = "Concurrent", "Concurrent", "{DB96D684-B4DB-4CC4-8FF8-17079114F249}"
EndProject
Project("{FAE04EC0-301F-11D3-BF4B-00C04F79EFBC}") = "01concurrentDictionary", "Concurrent\01concurrentDictionary\01concurrentDictionary.csproj", "{9D36CFF4-FDC1-4112-899A-156D811DF4FD}"
EndProject
Project("{FAE04EC0-301F-11D3-BF4B-00C04F79EFBC}") = "02ConcurrentQueue", "Concurrent\02ConcurrentQueue\02ConcurrentQueue.csproj", "{B25A42D8-60DF-48B6-AA81-58F23395F60C}"
EndProject
Project("{FAE04EC0-301F-11D3-BF4B-00C04F79EFBC}") = "03ConcurrentStack", "Concurrent\03ConcurrentStack\03ConcurrentStack.csproj", "{AB60E875-2F65-45D1-9484-84309ADC03BA}"
EndProject
Project("{FAE04EC0-301F-11D3-BF4B-00C04F79EFBC}") = "04ConcurrentBag", "Concurrent\04ConcurrentBag\04ConcurrentBag.csproj", "{16667B04-3B9E-4318-BFD1-97B547FC251D}"
EndProject
Project("{FAE04EC0-301F-11D3-BF4B-00C04F79EFBC}") = "05BlockingCollection", "Concurrent\05BlockingCollection\05BlockingCollection.csproj", "{3939CAB0-1E6A-4EC8-AE74-5871DA64C6D3}"
EndProject
Project("{2150E333-8FDC-42A3-9474-1A3956D46DE8}") = "Parallel", "Parallel", "{E7E0C937-D28E-4D89-A0BE-9C751EA06883}"
EndProject
Project("{FAE04EC0-301F-11D3-BF4B-00C04F79EFBC}") = "01ParallelForEach", "Parallel\01ParallelForEach\01ParallelForEach.csproj", "{AB9A97AE-2A3D-43E4-9BE4-22856302B798}"
EndProject
Project("{FAE04EC0-301F-11D3-BF4B-00C04F79EFBC}") = "02ParallelQuery", "Parallel\02ParallelQuery\02ParallelQuery.csproj", "{D6274AA7-FA68-4C76-BBAC-452981081FAF}"
EndProject
Project("{FAE04EC0-301F-11D3-BF4B-00C04F79EFBC}") = "03ParallelEnumerable", "Parallel\03ParallelEnumerable\03ParallelEnumerable.csproj", "{91132D6A-ACB6-4676-B964-24F03C1F942F}"
EndProject
Project("{FAE04EC0-301F-11D3-BF4B-00C04F79EFBC}") = "04ParallelException", "Parallel\04ParallelException\04ParallelException.csproj", "{1C6C4F3F-FB1B-4F75-A18B-1D4354BD4A20}"
EndProject
Project("{2150E333-8FDC-42A3-9474-1A3956D46DE8}") = "ReactiveExtensions", "ReactiveExtensions", "{64B9FF72-7C82-49B2-9379-3A2AA8D62F90}"
EndProject
Project("{FAE04EC0-301F-11D3-BF4B-00C04F79EFBC}") = "01EnumerableToObservable", "ReactiveExtensions\01EnumerableToObservable\01EnumerableToObservable.csproj", "{9706BF47-FA9F-41DE-9122-764957384244}"
EndProject
Project("{FAE04EC0-301F-11D3-BF4B-00C04F79EFBC}") = "02CustomObserver", "ReactiveExtensions\02CustomObserver\02CustomObserver.csproj", "{D994F3C5-FA49-4BA1-AB46-F0EB5A93F9FB}"
EndProject
Project("{FAE04EC0-301F-11D3-BF4B-00C04F79EFBC}") = "03Subject", "ReactiveExtensions\03Subject\03Subject.csproj", "{DD3AE052-964F-48CD-909C-5A252FA60658}"
EndProject
Project("{FAE04EC0-301F-11D3-BF4B-00C04F79EFBC}") = "04Recipe", "ReactiveExtensions\04Recipe\04Recipe.csproj", "{5EBF6CA4-BA60-4FD6-9660-89F0534B6A65}"
EndProject
Project("{FAE04EC0-301F-11D3-BF4B-00C04F79EFBC}") = "05Recipe", "ReactiveExtensions\05Recipe\05Recipe.csproj", "{1829B066-1D6F-4BF2-B787-035166F091E6}"
EndProject
Project("{FAE04EC0-301F-11D3-BF4B-00C04F79EFBC}") = "06Recipe", "ReactiveExtensions\06Recipe\06Recipe.csproj", "{AAADADB9-D2EE-4D7E-A8C4-7BE7D11C0F8E}"
EndProject
Global
	GlobalSection(SolutionConfigurationPlatforms) = preSolution
		Debug|Any CPU = Debug|Any CPU
		Release|Any CPU = Release|Any CPU
	EndGlobalSection
	GlobalSection(ProjectConfigurationPlatforms) = postSolution
		{35ABB7D7-D838-467A-8F65-3C10A4448FCE}.Debug|Any CPU.ActiveCfg = Debug|Any CPU
		{35ABB7D7-D838-467A-8F65-3C10A4448FCE}.Debug|Any CPU.Build.0 = Debug|Any CPU
		{35ABB7D7-D838-467A-8F65-3C10A4448FCE}.Release|Any CPU.ActiveCfg = Release|Any CPU
		{35ABB7D7-D838-467A-8F65-3C10A4448FCE}.Release|Any CPU.Build.0 = Release|Any CPU
		{93A9EF1A-7B80-4BCE-B62F-B9AB573D4874}.Debug|Any CPU.ActiveCfg = Debug|Any CPU
		{93A9EF1A-7B80-4BCE-B62F-B9AB573D4874}.Debug|Any CPU.Build.0 = Debug|Any CPU
		{93A9EF1A-7B80-4BCE-B62F-B9AB573D4874}.Release|Any CPU.ActiveCfg = Release|Any CPU
		{93A9EF1A-7B80-4BCE-B62F-B9AB573D4874}.Release|Any CPU.Build.0 = Release|Any CPU
		{FFFAD032-0DEF-4C9A-A64E-46081F22CBC6}.Debug|Any CPU.ActiveCfg = Debug|Any CPU
		{FFFAD032-0DEF-4C9A-A64E-46081F22CBC6}.Debug|Any CPU.Build.0 = Debug|Any CPU
		{FFFAD032-0DEF-4C9A-A64E-46081F22CBC6}.Release|Any CPU.ActiveCfg = Release|Any CPU
		{FFFAD032-0DEF-4C9A-A64E-46081F22CBC6}.Release|Any CPU.Build.0 = Release|Any CPU
		{140C5276-26CE-4F8C-BA1D-D29B8B2BD223}.Debug|Any CPU.ActiveCfg = Debug|Any CPU
		{140C5276-26CE-4F8C-BA1D-D29B8B2BD223}.Debug|Any CPU.Build.0 = Debug|Any CPU
		{140C5276-26CE-4F8C-BA1D-D29B8B2BD223}.Release|Any CPU.ActiveCfg = Release|Any CPU
		{140C5276-26CE-4F8C-BA1D-D29B8B2BD223}.Release|Any CPU.Build.0 = Release|Any CPU
		{468341AB-D653-4B38-8F16-9B3A27AB95C8}.Debug|Any CPU.ActiveCfg = Debug|Any CPU
		{468341AB-D653-4B38-8F16-9B3A27AB95C8}.Debug|Any CPU.Build.0 = Debug|Any CPU
		{468341AB-D653-4B38-8F16-9B3A27AB95C8}.Release|Any CPU.ActiveCfg = Release|Any CPU
		{468341AB-D653-4B38-8F16-9B3A27AB95C8}.Release|Any CPU.Build.0 = Release|Any CPU
		{0AFB9C1D-94AE-4D34-9E79-5DC7F8D440B0}.Debug|Any CPU.ActiveCfg = Debug|Any CPU
		{0AFB9C1D-94AE-4D34-9E79-5DC7F8D440B0}.Debug|Any CPU.Build.0 = Debug|Any CPU
		{0AFB9C1D-94AE-4D34-9E79-5DC7F8D440B0}.Release|Any CPU.ActiveCfg = Release|Any CPU
		{0AFB9C1D-94AE-4D34-9E79-5DC7F8D440B0}.Release|Any CPU.Build.0 = Release|Any CPU
		{6F3DC6BC-9048-4DA1-B544-8CF4A28A1287}.Debug|Any CPU.ActiveCfg = Debug|Any CPU
		{6F3DC6BC-9048-4DA1-B544-8CF4A28A1287}.Debug|Any CPU.Build.0 = Debug|Any CPU
		{6F3DC6BC-9048-4DA1-B544-8CF4A28A1287}.Release|Any CPU.ActiveCfg = Release|Any CPU
		{6F3DC6BC-9048-4DA1-B544-8CF4A28A1287}.Release|Any CPU.Build.0 = Release|Any CPU
		{5090D9FE-5FDC-43CF-9589-ACFAF61CB0EC}.Debug|Any CPU.ActiveCfg = Debug|Any CPU
		{5090D9FE-5FDC-43CF-9589-ACFAF61CB0EC}.Debug|Any CPU.Build.0 = Debug|Any CPU
		{5090D9FE-5FDC-43CF-9589-ACFAF61CB0EC}.Release|Any CPU.ActiveCfg = Release|Any CPU
		{5090D9FE-5FDC-43CF-9589-ACFAF61CB0EC}.Release|Any CPU.Build.0 = Release|Any CPU
		{6D7A2123-F06B-4B93-A30C-14FC42FE484F}.Debug|Any CPU.ActiveCfg = Debug|Any CPU
		{6D7A2123-F06B-4B93-A30C-14FC42FE484F}.Debug|Any CPU.Build.0 = Debug|Any CPU
		{6D7A2123-F06B-4B93-A30C-14FC42FE484F}.Release|Any CPU.ActiveCfg = Release|Any CPU
		{6D7A2123-F06B-4B93-A30C-14FC42FE484F}.Release|Any CPU.Build.0 = Release|Any CPU
		{0CD7BEAA-7B5B-4FED-8C7F-A5F5F4BF6235}.Debug|Any CPU.ActiveCfg = Debug|Any CPU
		{0CD7BEAA-7B5B-4FED-8C7F-A5F5F4BF6235}.Debug|Any CPU.Build.0 = Debug|Any CPU
		{0CD7BEAA-7B5B-4FED-8C7F-A5F5F4BF6235}.Release|Any CPU.ActiveCfg = Release|Any CPU
		{0CD7BEAA-7B5B-4FED-8C7F-A5F5F4BF6235}.Release|Any CPU.Build.0 = Release|Any CPU
		{8F571A1A-4A8F-4092-B211-67A3FE80F3FA}.Debug|Any CPU.ActiveCfg = Debug|Any CPU
		{8F571A1A-4A8F-4092-B211-67A3FE80F3FA}.Debug|Any CPU.Build.0 = Debug|Any CPU
		{8F571A1A-4A8F-4092-B211-67A3FE80F3FA}.Release|Any CPU.ActiveCfg = Release|Any CPU
		{8F571A1A-4A8F-4092-B211-67A3FE80F3FA}.Release|Any CPU.Build.0 = Release|Any CPU
		{F122C2CB-911B-4724-A175-4E5616FBED84}.Debug|Any CPU.ActiveCfg = Debug|Any CPU
		{F122C2CB-911B-4724-A175-4E5616FBED84}.Debug|Any CPU.Build.0 = Debug|Any CPU
		{F122C2CB-911B-4724-A175-4E5616FBED84}.Release|Any CPU.ActiveCfg = Release|Any CPU
		{F122C2CB-911B-4724-A175-4E5616FBED84}.Release|Any CPU.Build.0 = Release|Any CPU
		{B7CFCA35-B2F7-48E2-910E-731F6B86E821}.Debug|Any CPU.ActiveCfg = Debug|Any CPU
		{B7CFCA35-B2F7-48E2-910E-731F6B86E821}.Debug|Any CPU.Build.0 = Debug|Any CPU
		{B7CFCA35-B2F7-48E2-910E-731F6B86E821}.Release|Any CPU.ActiveCfg = Release|Any CPU
		{B7CFCA35-B2F7-48E2-910E-731F6B86E821}.Release|Any CPU.Build.0 = Release|Any CPU
		{69566674-E8BB-45A7-B57F-2F49B2223A8F}.Debug|Any CPU.ActiveCfg = Debug|Any CPU
		{69566674-E8BB-45A7-B57F-2F49B2223A8F}.Debug|Any CPU.Build.0 = Debug|Any CPU
		{69566674-E8BB-45A7-B57F-2F49B2223A8F}.Release|Any CPU.ActiveCfg = Release|Any CPU
		{69566674-E8BB-45A7-B57F-2F49B2223A8F}.Release|Any CPU.Build.0 = Release|Any CPU
		{DE5C539C-4AF8-4B11-8645-2F325053C90D}.Debug|Any CPU.ActiveCfg = Debug|Any CPU
		{DE5C539C-4AF8-4B11-8645-2F325053C90D}.Debug|Any CPU.Build.0 = Debug|Any CPU
		{DE5C539C-4AF8-4B11-8645-2F325053C90D}.Release|Any CPU.ActiveCfg = Release|Any CPU
		{DE5C539C-4AF8-4B11-8645-2F325053C90D}.Release|Any CPU.Build.0 = Release|Any CPU
		{4D77EECF-600E-4E34-897F-4D4965361A51}.Debug|Any CPU.ActiveCfg = Debug|Any CPU
		{4D77EECF-600E-4E34-897F-4D4965361A51}.Debug|Any CPU.Build.0 = Debug|Any CPU
		{4D77EECF-600E-4E34-897F-4D4965361A51}.Release|Any CPU.ActiveCfg = Release|Any CPU
		{4D77EECF-600E-4E34-897F-4D4965361A51}.Release|Any CPU.Build.0 = Release|Any CPU
		{C42D5C58-2F0B-4EAF-9233-480864E9E7BE}.Debug|Any CPU.ActiveCfg = Debug|Any CPU
		{C42D5C58-2F0B-4EAF-9233-480864E9E7BE}.Debug|Any CPU.Build.0 = Debug|Any CPU
		{C42D5C58-2F0B-4EAF-9233-480864E9E7BE}.Release|Any CPU.ActiveCfg = Release|Any CPU
		{C42D5C58-2F0B-4EAF-9233-480864E9E7BE}.Release|Any CPU.Build.0 = Release|Any CPU
		{82ED2F0D-0553-4CEF-8F8D-A8E9B538C5BD}.Debug|Any CPU.ActiveCfg = Debug|Any CPU
		{82ED2F0D-0553-4CEF-8F8D-A8E9B538C5BD}.Debug|Any CPU.Build.0 = Debug|Any CPU
		{82ED2F0D-0553-4CEF-8F8D-A8E9B538C5BD}.Release|Any CPU.ActiveCfg = Release|Any CPU
		{82ED2F0D-0553-4CEF-8F8D-A8E9B538C5BD}.Release|Any CPU.Build.0 = Release|Any CPU
		{F7012266-8CFF-49E8-A4B0-21920FDB3969}.Debug|Any CPU.ActiveCfg = Debug|Any CPU
		{F7012266-8CFF-49E8-A4B0-21920FDB3969}.Debug|Any CPU.Build.0 = Debug|Any CPU
		{F7012266-8CFF-49E8-A4B0-21920FDB3969}.Release|Any CPU.ActiveCfg = Release|Any CPU
		{F7012266-8CFF-49E8-A4B0-21920FDB3969}.Release|Any CPU.Build.0 = Release|Any CPU
		{DC658A79-75CD-499D-8763-739FA5D2E4D5}.Debug|Any CPU.ActiveCfg = Debug|Any CPU
		{DC658A79-75CD-499D-8763-739FA5D2E4D5}.Debug|Any CPU.Build.0 = Debug|Any CPU
		{DC658A79-75CD-499D-8763-739FA5D2E4D5}.Release|Any CPU.ActiveCfg = Release|Any CPU
		{DC658A79-75CD-499D-8763-739FA5D2E4D5}.Release|Any CPU.Build.0 = Release|Any CPU
		{57B11549-4347-4F36-BABB-16EDE5C0A2E2}.Debug|Any CPU.ActiveCfg = Debug|Any CPU
		{57B11549-4347-4F36-BABB-16EDE5C0A2E2}.Debug|Any CPU.Build.0 = Debug|Any CPU
		{57B11549-4347-4F36-BABB-16EDE5C0A2E2}.Release|Any CPU.ActiveCfg = Release|Any CPU
		{57B11549-4347-4F36-BABB-16EDE5C0A2E2}.Release|Any CPU.Build.0 = Release|Any CPU
		{346A534A-917F-465A-8F78-190D002FC15A}.Debug|Any CPU.ActiveCfg = Debug|Any CPU
		{346A534A-917F-465A-8F78-190D002FC15A}.Debug|Any CPU.Build.0 = Debug|Any CPU
		{346A534A-917F-465A-8F78-190D002FC15A}.Release|Any CPU.ActiveCfg = Release|Any CPU
		{346A534A-917F-465A-8F78-190D002FC15A}.Release|Any CPU.Build.0 = Release|Any CPU
		{D40F578A-D8B9-4F8A-B760-C49EB3E08589}.Debug|Any CPU.ActiveCfg = Debug|Any CPU
		{D40F578A-D8B9-4F8A-B760-C49EB3E08589}.Debug|Any CPU.Build.0 = Debug|Any CPU
		{D40F578A-D8B9-4F8A-B760-C49EB3E08589}.Release|Any CPU.ActiveCfg = Release|Any CPU
		{D40F578A-D8B9-4F8A-B760-C49EB3E08589}.Release|Any CPU.Build.0 = Release|Any CPU
		{7DFFD7C4-E458-42A1-9932-F3E84252455E}.Debug|Any CPU.ActiveCfg = Debug|Any CPU
		{7DFFD7C4-E458-42A1-9932-F3E84252455E}.Debug|Any CPU.Build.0 = Debug|Any CPU
		{7DFFD7C4-E458-42A1-9932-F3E84252455E}.Release|Any CPU.ActiveCfg = Release|Any CPU
		{7DFFD7C4-E458-42A1-9932-F3E84252455E}.Release|Any CPU.Build.0 = Release|Any CPU
		{AB60C9FE-2E33-4F9D-B8F2-CFEEF926C0FD}.Debug|Any CPU.ActiveCfg = Debug|Any CPU
		{AB60C9FE-2E33-4F9D-B8F2-CFEEF926C0FD}.Debug|Any CPU.Build.0 = Debug|Any CPU
		{AB60C9FE-2E33-4F9D-B8F2-CFEEF926C0FD}.Release|Any CPU.ActiveCfg = Release|Any CPU
		{AB60C9FE-2E33-4F9D-B8F2-CFEEF926C0FD}.Release|Any CPU.Build.0 = Release|Any CPU
		{1AB8B839-12D3-43E1-B7C3-0F08FB0164E9}.Debug|Any CPU.ActiveCfg = Debug|Any CPU
		{1AB8B839-12D3-43E1-B7C3-0F08FB0164E9}.Debug|Any CPU.Build.0 = Debug|Any CPU
		{1AB8B839-12D3-43E1-B7C3-0F08FB0164E9}.Release|Any CPU.ActiveCfg = Release|Any CPU
		{1AB8B839-12D3-43E1-B7C3-0F08FB0164E9}.Release|Any CPU.Build.0 = Release|Any CPU
		{6B30F853-13E0-44D4-A7C3-A78821A442C2}.Debug|Any CPU.ActiveCfg = Debug|Any CPU
		{6B30F853-13E0-44D4-A7C3-A78821A442C2}.Debug|Any CPU.Build.0 = Debug|Any CPU
		{6B30F853-13E0-44D4-A7C3-A78821A442C2}.Release|Any CPU.ActiveCfg = Release|Any CPU
		{6B30F853-13E0-44D4-A7C3-A78821A442C2}.Release|Any CPU.Build.0 = Release|Any CPU
		{A87BC8FC-5C1D-48BD-B446-3B04DE0F3F74}.Debug|Any CPU.ActiveCfg = Debug|Any CPU
		{A87BC8FC-5C1D-48BD-B446-3B04DE0F3F74}.Debug|Any CPU.Build.0 = Debug|Any CPU
		{A87BC8FC-5C1D-48BD-B446-3B04DE0F3F74}.Release|Any CPU.ActiveCfg = Release|Any CPU
		{A87BC8FC-5C1D-48BD-B446-3B04DE0F3F74}.Release|Any CPU.Build.0 = Release|Any CPU
		{ABEE37A2-9E7F-493A-8445-9B3CD5E78213}.Debug|Any CPU.ActiveCfg = Debug|Any CPU
		{ABEE37A2-9E7F-493A-8445-9B3CD5E78213}.Debug|Any CPU.Build.0 = Debug|Any CPU
		{ABEE37A2-9E7F-493A-8445-9B3CD5E78213}.Release|Any CPU.ActiveCfg = Release|Any CPU
		{ABEE37A2-9E7F-493A-8445-9B3CD5E78213}.Release|Any CPU.Build.0 = Release|Any CPU
		{6DC6A14C-2DA3-4890-9009-BBDE86033E8B}.Debug|Any CPU.ActiveCfg = Debug|Any CPU
		{6DC6A14C-2DA3-4890-9009-BBDE86033E8B}.Debug|Any CPU.Build.0 = Debug|Any CPU
		{6DC6A14C-2DA3-4890-9009-BBDE86033E8B}.Release|Any CPU.ActiveCfg = Release|Any CPU
		{6DC6A14C-2DA3-4890-9009-BBDE86033E8B}.Release|Any CPU.Build.0 = Release|Any CPU
		{E234B05F-3405-49F6-AE14-6429ECD1E284}.Debug|Any CPU.ActiveCfg = Debug|Any CPU
		{E234B05F-3405-49F6-AE14-6429ECD1E284}.Debug|Any CPU.Build.0 = Debug|Any CPU
		{E234B05F-3405-49F6-AE14-6429ECD1E284}.Release|Any CPU.ActiveCfg = Release|Any CPU
		{E234B05F-3405-49F6-AE14-6429ECD1E284}.Release|Any CPU.Build.0 = Release|Any CPU
		{CD382785-6850-4E2B-B122-A6B3214D350C}.Debug|Any CPU.ActiveCfg = Debug|Any CPU
		{CD382785-6850-4E2B-B122-A6B3214D350C}.Debug|Any CPU.Build.0 = Debug|Any CPU
		{CD382785-6850-4E2B-B122-A6B3214D350C}.Release|Any CPU.ActiveCfg = Release|Any CPU
		{CD382785-6850-4E2B-B122-A6B3214D350C}.Release|Any CPU.Build.0 = Release|Any CPU
		{A15A4784-FC50-4FA3-A33C-84F26FA41661}.Debug|Any CPU.ActiveCfg = Debug|Any CPU
		{A15A4784-FC50-4FA3-A33C-84F26FA41661}.Debug|Any CPU.Build.0 = Debug|Any CPU
		{A15A4784-FC50-4FA3-A33C-84F26FA41661}.Release|Any CPU.ActiveCfg = Release|Any CPU
		{A15A4784-FC50-4FA3-A33C-84F26FA41661}.Release|Any CPU.Build.0 = Release|Any CPU
		{146F4054-78DB-479A-9349-5AD9E52E91D9}.Debug|Any CPU.ActiveCfg = Debug|Any CPU
		{146F4054-78DB-479A-9349-5AD9E52E91D9}.Debug|Any CPU.Build.0 = Debug|Any CPU
		{146F4054-78DB-479A-9349-5AD9E52E91D9}.Release|Any CPU.ActiveCfg = Release|Any CPU
		{146F4054-78DB-479A-9349-5AD9E52E91D9}.Release|Any CPU.Build.0 = Release|Any CPU
		{06731002-B6D5-4363-B1D1-E57887F6D9AE}.Debug|Any CPU.ActiveCfg = Debug|Any CPU
		{06731002-B6D5-4363-B1D1-E57887F6D9AE}.Debug|Any CPU.Build.0 = Debug|Any CPU
		{06731002-B6D5-4363-B1D1-E57887F6D9AE}.Release|Any CPU.ActiveCfg = Release|Any CPU
		{06731002-B6D5-4363-B1D1-E57887F6D9AE}.Release|Any CPU.Build.0 = Release|Any CPU
		{922F74AB-B505-497E-AF55-19C38BE259B6}.Debug|Any CPU.ActiveCfg = Debug|Any CPU
		{922F74AB-B505-497E-AF55-19C38BE259B6}.Debug|Any CPU.Build.0 = Debug|Any CPU
		{922F74AB-B505-497E-AF55-19C38BE259B6}.Release|Any CPU.ActiveCfg = Release|Any CPU
		{922F74AB-B505-497E-AF55-19C38BE259B6}.Release|Any CPU.Build.0 = Release|Any CPU
		{2B40CDC8-5AC4-4621-866B-E09F0BDD8C5C}.Debug|Any CPU.ActiveCfg = Debug|Any CPU
		{2B40CDC8-5AC4-4621-866B-E09F0BDD8C5C}.Debug|Any CPU.Build.0 = Debug|Any CPU
		{2B40CDC8-5AC4-4621-866B-E09F0BDD8C5C}.Release|Any CPU.ActiveCfg = Release|Any CPU
		{2B40CDC8-5AC4-4621-866B-E09F0BDD8C5C}.Release|Any CPU.Build.0 = Release|Any CPU
		{0531B73E-1ED0-4CF5-9166-AEC08C8638A5}.Debug|Any CPU.ActiveCfg = Debug|Any CPU
		{0531B73E-1ED0-4CF5-9166-AEC08C8638A5}.Debug|Any CPU.Build.0 = Debug|Any CPU
		{0531B73E-1ED0-4CF5-9166-AEC08C8638A5}.Release|Any CPU.ActiveCfg = Release|Any CPU
		{0531B73E-1ED0-4CF5-9166-AEC08C8638A5}.Release|Any CPU.Build.0 = Release|Any CPU
		{30D5B9F7-7E70-4936-B8EC-AEDF35EF2563}.Debug|Any CPU.ActiveCfg = Debug|Any CPU
		{30D5B9F7-7E70-4936-B8EC-AEDF35EF2563}.Debug|Any CPU.Build.0 = Debug|Any CPU
		{30D5B9F7-7E70-4936-B8EC-AEDF35EF2563}.Release|Any CPU.ActiveCfg = Release|Any CPU
		{30D5B9F7-7E70-4936-B8EC-AEDF35EF2563}.Release|Any CPU.Build.0 = Release|Any CPU
		{8DEE15A6-B411-4DB3-B3A8-4B783B350583}.Debug|Any CPU.ActiveCfg = Debug|Any CPU
		{8DEE15A6-B411-4DB3-B3A8-4B783B350583}.Debug|Any CPU.Build.0 = Debug|Any CPU
		{8DEE15A6-B411-4DB3-B3A8-4B783B350583}.Release|Any CPU.ActiveCfg = Release|Any CPU
		{8DEE15A6-B411-4DB3-B3A8-4B783B350583}.Release|Any CPU.Build.0 = Release|Any CPU
		{7E2FB943-8346-48BF-890F-531636B51746}.Debug|Any CPU.ActiveCfg = Debug|Any CPU
		{7E2FB943-8346-48BF-890F-531636B51746}.Debug|Any CPU.Build.0 = Debug|Any CPU
		{7E2FB943-8346-48BF-890F-531636B51746}.Release|Any CPU.ActiveCfg = Release|Any CPU
		{7E2FB943-8346-48BF-890F-531636B51746}.Release|Any CPU.Build.0 = Release|Any CPU
		{E0E3868A-7A0C-4D3B-8BD6-059D8E967918}.Debug|Any CPU.ActiveCfg = Debug|Any CPU
		{E0E3868A-7A0C-4D3B-8BD6-059D8E967918}.Debug|Any CPU.Build.0 = Debug|Any CPU
		{E0E3868A-7A0C-4D3B-8BD6-059D8E967918}.Release|Any CPU.ActiveCfg = Release|Any CPU
		{E0E3868A-7A0C-4D3B-8BD6-059D8E967918}.Release|Any CPU.Build.0 = Release|Any CPU
		{93612BB8-A384-4FE3-BBDC-A115CFD70D82}.Debug|Any CPU.ActiveCfg = Debug|Any CPU
		{93612BB8-A384-4FE3-BBDC-A115CFD70D82}.Debug|Any CPU.Build.0 = Debug|Any CPU
		{93612BB8-A384-4FE3-BBDC-A115CFD70D82}.Release|Any CPU.ActiveCfg = Release|Any CPU
		{93612BB8-A384-4FE3-BBDC-A115CFD70D82}.Release|Any CPU.Build.0 = Release|Any CPU
		{A0919F66-A3F5-4140-896B-AFD6EC0B1027}.Debug|Any CPU.ActiveCfg = Debug|Any CPU
		{A0919F66-A3F5-4140-896B-AFD6EC0B1027}.Debug|Any CPU.Build.0 = Debug|Any CPU
		{A0919F66-A3F5-4140-896B-AFD6EC0B1027}.Release|Any CPU.ActiveCfg = Release|Any CPU
		{A0919F66-A3F5-4140-896B-AFD6EC0B1027}.Release|Any CPU.Build.0 = Release|Any CPU
		{4A60DF3F-AD87-4F7C-ACD3-9DF381ADFD6D}.Debug|Any CPU.ActiveCfg = Debug|Any CPU
		{4A60DF3F-AD87-4F7C-ACD3-9DF381ADFD6D}.Debug|Any CPU.Build.0 = Debug|Any CPU
		{4A60DF3F-AD87-4F7C-ACD3-9DF381ADFD6D}.Release|Any CPU.ActiveCfg = Release|Any CPU
		{4A60DF3F-AD87-4F7C-ACD3-9DF381ADFD6D}.Release|Any CPU.Build.0 = Release|Any CPU
		{9D36CFF4-FDC1-4112-899A-156D811DF4FD}.Debug|Any CPU.ActiveCfg = Debug|Any CPU
		{9D36CFF4-FDC1-4112-899A-156D811DF4FD}.Debug|Any CPU.Build.0 = Debug|Any CPU
		{9D36CFF4-FDC1-4112-899A-156D811DF4FD}.Release|Any CPU.ActiveCfg = Release|Any CPU
		{9D36CFF4-FDC1-4112-899A-156D811DF4FD}.Release|Any CPU.Build.0 = Release|Any CPU
		{B25A42D8-60DF-48B6-AA81-58F23395F60C}.Debug|Any CPU.ActiveCfg = Debug|Any CPU
		{B25A42D8-60DF-48B6-AA81-58F23395F60C}.Debug|Any CPU.Build.0 = Debug|Any CPU
		{B25A42D8-60DF-48B6-AA81-58F23395F60C}.Release|Any CPU.ActiveCfg = Release|Any CPU
		{B25A42D8-60DF-48B6-AA81-58F23395F60C}.Release|Any CPU.Build.0 = Release|Any CPU
		{AB60E875-2F65-45D1-9484-84309ADC03BA}.Debug|Any CPU.ActiveCfg = Debug|Any CPU
		{AB60E875-2F65-45D1-9484-84309ADC03BA}.Debug|Any CPU.Build.0 = Debug|Any CPU
		{AB60E875-2F65-45D1-9484-84309ADC03BA}.Release|Any CPU.ActiveCfg = Release|Any CPU
		{AB60E875-2F65-45D1-9484-84309ADC03BA}.Release|Any CPU.Build.0 = Release|Any CPU
		{16667B04-3B9E-4318-BFD1-97B547FC251D}.Debug|Any CPU.ActiveCfg = Debug|Any CPU
		{16667B04-3B9E-4318-BFD1-97B547FC251D}.Debug|Any CPU.Build.0 = Debug|Any CPU
		{16667B04-3B9E-4318-BFD1-97B547FC251D}.Release|Any CPU.ActiveCfg = Release|Any CPU
		{16667B04-3B9E-4318-BFD1-97B547FC251D}.Release|Any CPU.Build.0 = Release|Any CPU
		{3939CAB0-1E6A-4EC8-AE74-5871DA64C6D3}.Debug|Any CPU.ActiveCfg = Debug|Any CPU
		{3939CAB0-1E6A-4EC8-AE74-5871DA64C6D3}.Debug|Any CPU.Build.0 = Debug|Any CPU
		{3939CAB0-1E6A-4EC8-AE74-5871DA64C6D3}.Release|Any CPU.ActiveCfg = Release|Any CPU
		{3939CAB0-1E6A-4EC8-AE74-5871DA64C6D3}.Release|Any CPU.Build.0 = Release|Any CPU
		{AB9A97AE-2A3D-43E4-9BE4-22856302B798}.Debug|Any CPU.ActiveCfg = Debug|Any CPU
		{AB9A97AE-2A3D-43E4-9BE4-22856302B798}.Debug|Any CPU.Build.0 = Debug|Any CPU
		{AB9A97AE-2A3D-43E4-9BE4-22856302B798}.Release|Any CPU.ActiveCfg = Release|Any CPU
		{AB9A97AE-2A3D-43E4-9BE4-22856302B798}.Release|Any CPU.Build.0 = Release|Any CPU
		{D6274AA7-FA68-4C76-BBAC-452981081FAF}.Debug|Any CPU.ActiveCfg = Debug|Any CPU
		{D6274AA7-FA68-4C76-BBAC-452981081FAF}.Debug|Any CPU.Build.0 = Debug|Any CPU
		{D6274AA7-FA68-4C76-BBAC-452981081FAF}.Release|Any CPU.ActiveCfg = Release|Any CPU
		{D6274AA7-FA68-4C76-BBAC-452981081FAF}.Release|Any CPU.Build.0 = Release|Any CPU
		{91132D6A-ACB6-4676-B964-24F03C1F942F}.Debug|Any CPU.ActiveCfg = Debug|Any CPU
		{91132D6A-ACB6-4676-B964-24F03C1F942F}.Debug|Any CPU.Build.0 = Debug|Any CPU
		{91132D6A-ACB6-4676-B964-24F03C1F942F}.Release|Any CPU.ActiveCfg = Release|Any CPU
		{91132D6A-ACB6-4676-B964-24F03C1F942F}.Release|Any CPU.Build.0 = Release|Any CPU
		{1C6C4F3F-FB1B-4F75-A18B-1D4354BD4A20}.Debug|Any CPU.ActiveCfg = Debug|Any CPU
		{1C6C4F3F-FB1B-4F75-A18B-1D4354BD4A20}.Debug|Any CPU.Build.0 = Debug|Any CPU
		{1C6C4F3F-FB1B-4F75-A18B-1D4354BD4A20}.Release|Any CPU.ActiveCfg = Release|Any CPU
		{1C6C4F3F-FB1B-4F75-A18B-1D4354BD4A20}.Release|Any CPU.Build.0 = Release|Any CPU
		{9706BF47-FA9F-41DE-9122-764957384244}.Debug|Any CPU.ActiveCfg = Debug|Any CPU
		{9706BF47-FA9F-41DE-9122-764957384244}.Debug|Any CPU.Build.0 = Debug|Any CPU
		{9706BF47-FA9F-41DE-9122-764957384244}.Release|Any CPU.ActiveCfg = Release|Any CPU
		{9706BF47-FA9F-41DE-9122-764957384244}.Release|Any CPU.Build.0 = Release|Any CPU
		{D994F3C5-FA49-4BA1-AB46-F0EB5A93F9FB}.Debug|Any CPU.ActiveCfg = Debug|Any CPU
		{D994F3C5-FA49-4BA1-AB46-F0EB5A93F9FB}.Debug|Any CPU.Build.0 = Debug|Any CPU
		{D994F3C5-FA49-4BA1-AB46-F0EB5A93F9FB}.Release|Any CPU.ActiveCfg = Release|Any CPU
		{D994F3C5-FA49-4BA1-AB46-F0EB5A93F9FB}.Release|Any CPU.Build.0 = Release|Any CPU
		{DD3AE052-964F-48CD-909C-5A252FA60658}.Debug|Any CPU.ActiveCfg = Debug|Any CPU
		{DD3AE052-964F-48CD-909C-5A252FA60658}.Debug|Any CPU.Build.0 = Debug|Any CPU
		{DD3AE052-964F-48CD-909C-5A252FA60658}.Release|Any CPU.ActiveCfg = Release|Any CPU
		{DD3AE052-964F-48CD-909C-5A252FA60658}.Release|Any CPU.Build.0 = Release|Any CPU
		{5EBF6CA4-BA60-4FD6-9660-89F0534B6A65}.Debug|Any CPU.ActiveCfg = Debug|Any CPU
		{5EBF6CA4-BA60-4FD6-9660-89F0534B6A65}.Debug|Any CPU.Build.0 = Debug|Any CPU
		{5EBF6CA4-BA60-4FD6-9660-89F0534B6A65}.Release|Any CPU.ActiveCfg = Release|Any CPU
		{5EBF6CA4-BA60-4FD6-9660-89F0534B6A65}.Release|Any CPU.Build.0 = Release|Any CPU
		{1829B066-1D6F-4BF2-B787-035166F091E6}.Debug|Any CPU.ActiveCfg = Debug|Any CPU
		{1829B066-1D6F-4BF2-B787-035166F091E6}.Debug|Any CPU.Build.0 = Debug|Any CPU
		{1829B066-1D6F-4BF2-B787-035166F091E6}.Release|Any CPU.ActiveCfg = Release|Any CPU
		{1829B066-1D6F-4BF2-B787-035166F091E6}.Release|Any CPU.Build.0 = Release|Any CPU
		{AAADADB9-D2EE-4D7E-A8C4-7BE7D11C0F8E}.Debug|Any CPU.ActiveCfg = Debug|Any CPU
		{AAADADB9-D2EE-4D7E-A8C4-7BE7D11C0F8E}.Debug|Any CPU.Build.0 = Debug|Any CPU
		{AAADADB9-D2EE-4D7E-A8C4-7BE7D11C0F8E}.Release|Any CPU.ActiveCfg = Release|Any CPU
		{AAADADB9-D2EE-4D7E-A8C4-7BE7D11C0F8E}.Release|Any CPU.Build.0 = Release|Any CPU
	EndGlobalSection
	GlobalSection(SolutionProperties) = preSolution
		HideSolutionNode = FALSE
	EndGlobalSection
	GlobalSection(NestedProjects) = preSolution
		{35ABB7D7-D838-467A-8F65-3C10A4448FCE} = {2CB911B5-FE96-492F-AFE1-9D701E26CEBC}
		{93A9EF1A-7B80-4BCE-B62F-B9AB573D4874} = {2CB911B5-FE96-492F-AFE1-9D701E26CEBC}
		{FFFAD032-0DEF-4C9A-A64E-46081F22CBC6} = {2CB911B5-FE96-492F-AFE1-9D701E26CEBC}
		{140C5276-26CE-4F8C-BA1D-D29B8B2BD223} = {2CB911B5-FE96-492F-AFE1-9D701E26CEBC}
		{468341AB-D653-4B38-8F16-9B3A27AB95C8} = {2CB911B5-FE96-492F-AFE1-9D701E26CEBC}
		{0AFB9C1D-94AE-4D34-9E79-5DC7F8D440B0} = {2CB911B5-FE96-492F-AFE1-9D701E26CEBC}
		{6F3DC6BC-9048-4DA1-B544-8CF4A28A1287} = {2CB911B5-FE96-492F-AFE1-9D701E26CEBC}
		{5090D9FE-5FDC-43CF-9589-ACFAF61CB0EC} = {2CB911B5-FE96-492F-AFE1-9D701E26CEBC}
		{6D7A2123-F06B-4B93-A30C-14FC42FE484F} = {2CB911B5-FE96-492F-AFE1-9D701E26CEBC}
		{0CD7BEAA-7B5B-4FED-8C7F-A5F5F4BF6235} = {2CB911B5-FE96-492F-AFE1-9D701E26CEBC}
		{8F571A1A-4A8F-4092-B211-67A3FE80F3FA} = {2CB911B5-FE96-492F-AFE1-9D701E26CEBC}
		{F122C2CB-911B-4724-A175-4E5616FBED84} = {0D1F539F-DAA2-4FE9-ABDA-E607CFBCEF8A}
		{B7CFCA35-B2F7-48E2-910E-731F6B86E821} = {0D1F539F-DAA2-4FE9-ABDA-E607CFBCEF8A}
		{69566674-E8BB-45A7-B57F-2F49B2223A8F} = {0D1F539F-DAA2-4FE9-ABDA-E607CFBCEF8A}
		{DE5C539C-4AF8-4B11-8645-2F325053C90D} = {0D1F539F-DAA2-4FE9-ABDA-E607CFBCEF8A}
		{4D77EECF-600E-4E34-897F-4D4965361A51} = {0D1F539F-DAA2-4FE9-ABDA-E607CFBCEF8A}
		{C42D5C58-2F0B-4EAF-9233-480864E9E7BE} = {0D1F539F-DAA2-4FE9-ABDA-E607CFBCEF8A}
		{82ED2F0D-0553-4CEF-8F8D-A8E9B538C5BD} = {0D1F539F-DAA2-4FE9-ABDA-E607CFBCEF8A}
		{F7012266-8CFF-49E8-A4B0-21920FDB3969} = {0D1F539F-DAA2-4FE9-ABDA-E607CFBCEF8A}
		{DC658A79-75CD-499D-8763-739FA5D2E4D5} = {0D1F539F-DAA2-4FE9-ABDA-E607CFBCEF8A}
		{57B11549-4347-4F36-BABB-16EDE5C0A2E2} = {5C968910-89D0-4128-8A55-121888375931}
		{346A534A-917F-465A-8F78-190D002FC15A} = {5C968910-89D0-4128-8A55-121888375931}
		{D40F578A-D8B9-4F8A-B760-C49EB3E08589} = {5C968910-89D0-4128-8A55-121888375931}
		{7DFFD7C4-E458-42A1-9932-F3E84252455E} = {5C968910-89D0-4128-8A55-121888375931}
		{AB60C9FE-2E33-4F9D-B8F2-CFEEF926C0FD} = {5C968910-89D0-4128-8A55-121888375931}
		{1AB8B839-12D3-43E1-B7C3-0F08FB0164E9} = {5C968910-89D0-4128-8A55-121888375931}
		{6B30F853-13E0-44D4-A7C3-A78821A442C2} = {5C968910-89D0-4128-8A55-121888375931}
		{A87BC8FC-5C1D-48BD-B446-3B04DE0F3F74} = {37E088D9-3E3A-4AC0-9695-1801EC9AD853}
		{ABEE37A2-9E7F-493A-8445-9B3CD5E78213} = {37E088D9-3E3A-4AC0-9695-1801EC9AD853}
		{6DC6A14C-2DA3-4890-9009-BBDE86033E8B} = {37E088D9-3E3A-4AC0-9695-1801EC9AD853}
		{E234B05F-3405-49F6-AE14-6429ECD1E284} = {37E088D9-3E3A-4AC0-9695-1801EC9AD853}
		{CD382785-6850-4E2B-B122-A6B3214D350C} = {37E088D9-3E3A-4AC0-9695-1801EC9AD853}
		{A15A4784-FC50-4FA3-A33C-84F26FA41661} = {37E088D9-3E3A-4AC0-9695-1801EC9AD853}
		{146F4054-78DB-479A-9349-5AD9E52E91D9} = {37E088D9-3E3A-4AC0-9695-1801EC9AD853}
		{06731002-B6D5-4363-B1D1-E57887F6D9AE} = {37E088D9-3E3A-4AC0-9695-1801EC9AD853}
		{922F74AB-B505-497E-AF55-19C38BE259B6} = {37E088D9-3E3A-4AC0-9695-1801EC9AD853}
		{2B40CDC8-5AC4-4621-866B-E09F0BDD8C5C} = {E36F7CD0-0655-40D2-BED5-774FEBAC295E}
		{0531B73E-1ED0-4CF5-9166-AEC08C8638A5} = {E36F7CD0-0655-40D2-BED5-774FEBAC295E}
		{30D5B9F7-7E70-4936-B8EC-AEDF35EF2563} = {E36F7CD0-0655-40D2-BED5-774FEBAC295E}
		{8DEE15A6-B411-4DB3-B3A8-4B783B350583} = {E36F7CD0-0655-40D2-BED5-774FEBAC295E}
		{7E2FB943-8346-48BF-890F-531636B51746} = {E36F7CD0-0655-40D2-BED5-774FEBAC295E}
		{E0E3868A-7A0C-4D3B-8BD6-059D8E967918} = {E36F7CD0-0655-40D2-BED5-774FEBAC295E}
		{93612BB8-A384-4FE3-BBDC-A115CFD70D82} = {E36F7CD0-0655-40D2-BED5-774FEBAC295E}
		{A0919F66-A3F5-4140-896B-AFD6EC0B1027} = {E36F7CD0-0655-40D2-BED5-774FEBAC295E}
		{4A60DF3F-AD87-4F7C-ACD3-9DF381ADFD6D} = {E36F7CD0-0655-40D2-BED5-774FEBAC295E}
		{9D36CFF4-FDC1-4112-899A-156D811DF4FD} = {DB96D684-B4DB-4CC4-8FF8-17079114F249}
		{B25A42D8-60DF-48B6-AA81-58F23395F60C} = {DB96D684-B4DB-4CC4-8FF8-17079114F249}
		{AB60E875-2F65-45D1-9484-84309ADC03BA} = {DB96D684-B4DB-4CC4-8FF8-17079114F249}
		{16667B04-3B9E-4318-BFD1-97B547FC251D} = {DB96D684-B4DB-4CC4-8FF8-17079114F249}
		{3939CAB0-1E6A-4EC8-AE74-5871DA64C6D3} = {DB96D684-B4DB-4CC4-8FF8-17079114F249}
		{AB9A97AE-2A3D-43E4-9BE4-22856302B798} = {E7E0C937-D28E-4D89-A0BE-9C751EA06883}
		{D6274AA7-FA68-4C76-BBAC-452981081FAF} = {E7E0C937-D28E-4D89-A0BE-9C751EA06883}
		{91132D6A-ACB6-4676-B964-24F03C1F942F} = {E7E0C937-D28E-4D89-A0BE-9C751EA06883}
		{1C6C4F3F-FB1B-4F75-A18B-1D4354BD4A20} = {E7E0C937-D28E-4D89-A0BE-9C751EA06883}
		{9706BF47-FA9F-41DE-9122-764957384244} = {64B9FF72-7C82-49B2-9379-3A2AA8D62F90}
		{D994F3C5-FA49-4BA1-AB46-F0EB5A93F9FB} = {64B9FF72-7C82-49B2-9379-3A2AA8D62F90}
		{DD3AE052-964F-48CD-909C-5A252FA60658} = {64B9FF72-7C82-49B2-9379-3A2AA8D62F90}
		{5EBF6CA4-BA60-4FD6-9660-89F0534B6A65} = {64B9FF72-7C82-49B2-9379-3A2AA8D62F90}
		{1829B066-1D6F-4BF2-B787-035166F091E6} = {64B9FF72-7C82-49B2-9379-3A2AA8D62F90}
		{AAADADB9-D2EE-4D7E-A8C4-7BE7D11C0F8E} = {64B9FF72-7C82-49B2-9379-3A2AA8D62F90}
	EndGlobalSection
	GlobalSection(ExtensibilityGlobals) = postSolution
		SolutionGuid = {2536401C-F467-46D1-AFEE-9541C93745B1}
	EndGlobalSection
EndGlobal
